
Microsoft Visual Studio Solution File, Format Version 12.00
# Visual Studio Version 17
VisualStudioVersion = 17.14.36203.30 d17.14
MinimumVisualStudioVersion = 10.0.40219.1
Project("{FAE04EC0-301F-11D3-BF4B-00C04F79EFBC}") = "Homework3", "Homework3\Homework3.csproj", "{AF6A42EF-B5BB-4CE0-B23F-3250FFAC13CB}"
EndProject
Global
	GlobalSection(SolutionConfigurationPlatforms) = preSolution
		Debug|Any CPU = Debug|Any CPU
		Release|Any CPU = Release|Any CPU
	EndGlobalSection
	GlobalSection(ProjectConfigurationPlatforms) = postSolution
		{AF6A42EF-B5BB-4CE0-B23F-3250FFAC13CB}.Debug|Any CPU.ActiveCfg = Debug|Any CPU
		{AF6A42EF-B5BB-4CE0-B23F-3250FFAC13CB}.Debug|Any CPU.Build.0 = Debug|Any CPU
		{AF6A42EF-B5BB-4CE0-B23F-3250FFAC13CB}.Release|Any CPU.ActiveCfg = Release|Any CPU
		{AF6A42EF-B5BB-4CE0-B23F-3250FFAC13CB}.Release|Any CPU.Build.0 = Release|Any CPU
	EndGlobalSection
	GlobalSection(SolutionProperties) = preSolution
		HideSolutionNode = FALSE
	EndGlobalSection
	GlobalSection(ExtensibilityGlobals) = postSolution
		SolutionGuid = {5B55DC1F-6DB1-4AF0-9FBD-2B25261148E5}
	EndGlobalSection
EndGlobal
